
Microsoft Visual Studio Solution File, Format Version 12.00
# Visual Studio Version 17
VisualStudioVersion = 17.2.32516.85
MinimumVisualStudioVersion = 10.0.40219.1
Project("{FAE04EC0-301F-11D3-BF4B-00C04F79EFBC}") = "PR1", "PR1\PR1.csproj", "{6E097263-D0A4-487A-B0B7-EC63BC2C3C64}"
EndProject
Project("{FAE04EC0-301F-11D3-BF4B-00C04F79EFBC}") = "PR2", "PR2\PR2.csproj", "{F9FB9046-0BF1-44AE-A449-862A7C6A9610}"
EndProject
Project("{FAE04EC0-301F-11D3-BF4B-00C04F79EFBC}") = "Dev", "Dev\Dev.csproj", "{9F1C4DEA-653D-468F-A062-4A4BE53B4399}"
EndProject
Project("{2150E333-8FDC-42A3-9474-1A3956D46DE8}") = "Other", "Other", "{6EC18A71-CF36-46B3-AB23-91DB60BFA0E5}"
	ProjectSection(SolutionItems) = preProject
		Other\PR.bat = Other\PR.bat
		Other\PR1.bat = Other\PR1.bat
		Other\PR1_s.txt = Other\PR1_s.txt
	EndProjectSection
EndProject
Project("{FAE04EC0-301F-11D3-BF4B-00C04F79EFBC}") = "Library", "Library\Library.csproj", "{E681A152-9C06-4BAC-8A09-86E7B15EC7E8}"
EndProject
Global
	GlobalSection(SolutionConfigurationPlatforms) = preSolution
		Debug|Any CPU = Debug|Any CPU
		Release|Any CPU = Release|Any CPU
	EndGlobalSection
	GlobalSection(ProjectConfigurationPlatforms) = postSolution
		{6E097263-D0A4-487A-B0B7-EC63BC2C3C64}.Debug|Any CPU.ActiveCfg = Debug|Any CPU
		{6E097263-D0A4-487A-B0B7-EC63BC2C3C64}.Debug|Any CPU.Build.0 = Debug|Any CPU
		{6E097263-D0A4-487A-B0B7-EC63BC2C3C64}.Release|Any CPU.ActiveCfg = Release|Any CPU
		{6E097263-D0A4-487A-B0B7-EC63BC2C3C64}.Release|Any CPU.Build.0 = Release|Any CPU
		{F9FB9046-0BF1-44AE-A449-862A7C6A9610}.Debug|Any CPU.ActiveCfg = Debug|Any CPU
		{F9FB9046-0BF1-44AE-A449-862A7C6A9610}.Debug|Any CPU.Build.0 = Debug|Any CPU
		{F9FB9046-0BF1-44AE-A449-862A7C6A9610}.Release|Any CPU.ActiveCfg = Release|Any CPU
		{F9FB9046-0BF1-44AE-A449-862A7C6A9610}.Release|Any CPU.Build.0 = Release|Any CPU
		{9F1C4DEA-653D-468F-A062-4A4BE53B4399}.Debug|Any CPU.ActiveCfg = Debug|Any CPU
		{9F1C4DEA-653D-468F-A062-4A4BE53B4399}.Debug|Any CPU.Build.0 = Debug|Any CPU
		{9F1C4DEA-653D-468F-A062-4A4BE53B4399}.Release|Any CPU.ActiveCfg = Release|Any CPU
		{9F1C4DEA-653D-468F-A062-4A4BE53B4399}.Release|Any CPU.Build.0 = Release|Any CPU
		{E681A152-9C06-4BAC-8A09-86E7B15EC7E8}.Debug|Any CPU.ActiveCfg = Debug|Any CPU
		{E681A152-9C06-4BAC-8A09-86E7B15EC7E8}.Debug|Any CPU.Build.0 = Debug|Any CPU
		{E681A152-9C06-4BAC-8A09-86E7B15EC7E8}.Release|Any CPU.ActiveCfg = Release|Any CPU
		{E681A152-9C06-4BAC-8A09-86E7B15EC7E8}.Release|Any CPU.Build.0 = Release|Any CPU
	EndGlobalSection
	GlobalSection(SolutionProperties) = preSolution
		HideSolutionNode = FALSE
	EndGlobalSection
	GlobalSection(ExtensibilityGlobals) = postSolution
		SolutionGuid = {9B780A9A-DE94-48DF-A31F-CD858E844CB8}
	EndGlobalSection
EndGlobal
